
Microsoft Visual Studio Solution File, Format Version 12.00
# Visual Studio Version 17
VisualStudioVersion = 17.13.35806.99 d17.13
MinimumVisualStudioVersion = 10.0.40219.1
Project("{FAE04EC0-301F-11D3-BF4B-00C04F79EFBC}") = "RetroTwoConverter", "RetroTwoConverter\RetroTwoConverter.csproj", "{7D458750-575F-47FC-9415-7F3762D63658}"
EndProject
Global
	GlobalSection(SolutionConfigurationPlatforms) = preSolution
		Debug|Any CPU = Debug|Any CPU
		Release|Any CPU = Release|Any CPU
	EndGlobalSection
	GlobalSection(ProjectConfigurationPlatforms) = postSolution
		{7D458750-575F-47FC-9415-7F3762D63658}.Debug|Any CPU.ActiveCfg = Debug|Any CPU
		{7D458750-575F-47FC-9415-7F3762D63658}.Debug|Any CPU.Build.0 = Debug|Any CPU
		{7D458750-575F-47FC-9415-7F3762D63658}.Release|Any CPU.ActiveCfg = Release|Any CPU
		{7D458750-575F-47FC-9415-7F3762D63658}.Release|Any CPU.Build.0 = Release|Any CPU
	EndGlobalSection
	GlobalSection(SolutionProperties) = preSolution
		HideSolutionNode = FALSE
	EndGlobalSection
	GlobalSection(ExtensibilityGlobals) = postSolution
		SolutionGuid = {BF8ADBEF-506B-4EA6-86E8-A8205143D9E6}
	EndGlobalSection
EndGlobal
